
Microsoft Visual Studio Solution File, Format Version 12.00
# Visual Studio Version 17
VisualStudioVersion = 17.14.36811.4 d17.14
MinimumVisualStudioVersion = 10.0.40219.1
Project("{FAE04EC0-301F-11D3-BF4B-00C04F79EFBC}") = "SWP", "SWP\SWP.csproj", "{1F2BE8D1-0141-4680-B53C-7B58F97DBB3F}"
EndProject
Project("{FAE04EC0-301F-11D3-BF4B-00C04F79EFBC}") = "SWP.DAL", "SWP.DAL\SWP.DAL.csproj", "{AA5321C2-76E3-4BEB-9A36-A5F1BB5A7084}"
EndProject
Project("{FAE04EC0-301F-11D3-BF4B-00C04F79EFBC}") = "SWP.BLL", "SWP.BLL\SWP.BLL.csproj", "{BDF044D2-2398-425B-B08E-EECA18D7ADE0}"
EndProject
Global
	GlobalSection(SolutionConfigurationPlatforms) = preSolution
		Debug|Any CPU = Debug|Any CPU
		Release|Any CPU = Release|Any CPU
	EndGlobalSection
	GlobalSection(ProjectConfigurationPlatforms) = postSolution
		{1F2BE8D1-0141-4680-B53C-7B58F97DBB3F}.Debug|Any CPU.ActiveCfg = Debug|Any CPU
		{1F2BE8D1-0141-4680-B53C-7B58F97DBB3F}.Debug|Any CPU.Build.0 = Debug|Any CPU
		{1F2BE8D1-0141-4680-B53C-7B58F97DBB3F}.Release|Any CPU.ActiveCfg = Release|Any CPU
		{1F2BE8D1-0141-4680-B53C-7B58F97DBB3F}.Release|Any CPU.Build.0 = Release|Any CPU
		{AA5321C2-76E3-4BEB-9A36-A5F1BB5A7084}.Debug|Any CPU.ActiveCfg = Debug|Any CPU
		{AA5321C2-76E3-4BEB-9A36-A5F1BB5A7084}.Debug|Any CPU.Build.0 = Debug|Any CPU
		{AA5321C2-76E3-4BEB-9A36-A5F1BB5A7084}.Release|Any CPU.ActiveCfg = Release|Any CPU
		{AA5321C2-76E3-4BEB-9A36-A5F1BB5A7084}.Release|Any CPU.Build.0 = Release|Any CPU
		{BDF044D2-2398-425B-B08E-EECA18D7ADE0}.Debug|Any CPU.ActiveCfg = Debug|Any CPU
		{BDF044D2-2398-425B-B08E-EECA18D7ADE0}.Debug|Any CPU.Build.0 = Debug|Any CPU
		{BDF044D2-2398-425B-B08E-EECA18D7ADE0}.Release|Any CPU.ActiveCfg = Release|Any CPU
		{BDF044D2-2398-425B-B08E-EECA18D7ADE0}.Release|Any CPU.Build.0 = Release|Any CPU
	EndGlobalSection
	GlobalSection(SolutionProperties) = preSolution
		HideSolutionNode = FALSE
	EndGlobalSection
	GlobalSection(ExtensibilityGlobals) = postSolution
		SolutionGuid = {587F15B0-9BBE-4D3A-827B-3968290E8FB9}
	EndGlobalSection
EndGlobal
